
Microsoft Visual Studio Solution File, Format Version 12.00
# Visual Studio 15
VisualStudioVersion = 15.0.27703.2042
MinimumVisualStudioVersion = 10.0.40219.1
Project("{FAE04EC0-301F-11D3-BF4B-00C04F79EFBC}") = "NAT-Tracks", "NAT-Tracks\NAT-Tracks.csproj", "{79ACF930-1257-44D2-94F3-9FC6A10FDC05}"
EndProject
Global
	GlobalSection(SolutionConfigurationPlatforms) = preSolution
		Debug|Any CPU = Debug|Any CPU
		Release|Any CPU = Release|Any CPU
	EndGlobalSection
	GlobalSection(ProjectConfigurationPlatforms) = postSolution
		{79ACF930-1257-44D2-94F3-9FC6A10FDC05}.Debug|Any CPU.ActiveCfg = Debug|Any CPU
		{79ACF930-1257-44D2-94F3-9FC6A10FDC05}.Debug|Any CPU.Build.0 = Debug|Any CPU
		{79ACF930-1257-44D2-94F3-9FC6A10FDC05}.Release|Any CPU.ActiveCfg = Release|Any CPU
		{79ACF930-1257-44D2-94F3-9FC6A10FDC05}.Release|Any CPU.Build.0 = Release|Any CPU
	EndGlobalSection
	GlobalSection(SolutionProperties) = preSolution
		HideSolutionNode = FALSE
	EndGlobalSection
	GlobalSection(ExtensibilityGlobals) = postSolution
		SolutionGuid = {D0E411B5-D2A1-4B5D-819C-B57666D79396}
	EndGlobalSection
EndGlobal
